github.com/ebitengine/purego v0.8.1 h1:sdRKd6plj7KYW33EH5As6YKfe8m9zbN9JMrOjNVF/BE=
github.com/ebitengine/purego v0.8.1/go.mod h1:iIjxzd6CiRiOG0UyXP+V1+jWqUXVjPKLAI0mRfJZTmQ=
github.com/gen2brain/raylib-go/raygui v0.0.0-20250327103758-b542022337b8 h1:PvY+diw2V/H9kDy5bMEHIgdaiKwlskCuPEi2+7DnpNA=
github.com/gen2brain/raylib-go/raygui v0.0.0-20250327103758-b542022337b8/go.mod h1:Ji/uPEko2AUkcyPLAelEUa+E8Npc89/XY5Fo/lS/e3I=
github.com/gen2brain/raylib-go/raylib v0.0.0-20250327103758-b542022337b8 h1:US4FifqOxazVDge0Pc/8WUln30yL+cTEUhWLKtUcAKo=
github.com/gen2brain/raylib-go/raylib v0.0.0-20250327103758-b542022337b8/go.mod h1:BaY76bZk7nw1/kVOSQObPY1v1iwVE1KHAGMfvI6oK1Q=
github.com/golang/geo v0.0.0-20250328065203-0b6e08c212fb h1:eqdj1jSZjgmPdSl2lr3rAwJykSe9jHxPN1zLuasKVh0=
github.com/golang/geo v0.0.0-20250328065203-0b6e08c212fb/go.mod h1:J+F9/3Ofc8ysEOY2/cNjxTMl2eB1gvPIywEHUplPgDA=
golang.org/x/exp v0.0.0-20241108190413-2d47ceb2692f h1:XdNn9LlyWAhLVp6P/i8QYBW+hlyhrhei9uErw2B5GJo=
golang.org/x/exp v0.0.0-20241108190413-2d47ceb2692f/go.mod h1:D5SMRVC3C2/4+F/DB1wZsLRnSNimn2Sp/NPsCrsv8ak=
golang.org/x/sys v0.27.0 h1:wBqf8DvsY9Y/2P8gAfPDEYNuS30J4lPHJxXSb/nJZ+s=
golang.org/x/sys v0.27.0/go.mod h1:/VUhepiaJMQUp4+oa/7Zr1D23ma6VTLIYjOOTFZPUcA=
